PODS:
  - SnapKit (4.0.0)
  - SwiftyJSON (4.0.0)

DEPENDENCIES:
  - SnapKit (~> 4.0)
  - SwiftyJSON (~> 4.0)

SPEC CHECKSUMS:
  SnapKit: a42d492c16e80209130a3379f73596c3454b7694
  SwiftyJSON: 070dabdcb1beb81b247c65ffa3a79dbbfb3b48aa

PODFILE CHECKSUM: 5f0a8b29c509feff0b4470aba12f09be1af6db5e

COCOAPODS: 1.4.0
